{
    "_meta": {
        "hash": {
            "sha256": "2414e823519cc534e972ba8641cdbdbba1ac2b02e82eed1a140c7da430d1ce3e"
        },
        "pipfile-spec": 6,
        "requires": {
            "python_version": "2.7"
        },
        "sources": [
            {
                "name": "pypi",
                "url": "https://pypi.org/simple",
                "verify_ssl": true
            }
        ]
    },
    "default": {
        "argparse": {
            "hashes": [
                "sha256:ddaf4b0a618335a32b6664d4ae038a1de8fbada3b25033f9021510ed2b3941a4"
            ],
            "index": "pypi",
            "version": "==1.2.1"
        },
        "babel": {
            "hashes": [
                "sha256:9f02d0357184de1f093c10012b52e7454a1008be6a5c185ab7a3307aceb1d12e"
            ],
            "index": "pypi",
            "version": "==1.3"
        },
        "backports.functools-lru-cache": {
            "hashes": [
                "sha256:0bada4c2f8a43d533e4ecb7a12214d9420e66eb206d54bf2d682581ca4b80848",
                "sha256:8fde5f188da2d593bd5bc0be98d9abc46c95bb8a9dde93429570192ee6cc2d4a"
            ],
            "markers": "python_version < '3'",
            "version": "==1.6.1"
        },
        "bcrypt": {
            "hashes": [
                "sha256:0258f143f3de96b7c14f762c770f5fc56ccd72f8a1857a451c1cd9a655d9ac89",
                "sha256:0b0069c752ec14172c5f78208f1863d7ad6755a6fae6fe76ec2c80d13be41e42",
                "sha256:19a4b72a6ae5bb467fea018b825f0a7d917789bcfe893e53f15c92805d187294",
                "sha256:436a487dec749bca7e6e72498a75a5fa2433bda13bac91d023e18df9089ae0b8",
                "sha256:5432dd7b34107ae8ed6c10a71b4397f1c853bd39a4d6ffa7e35f40584cffd161",
                "sha256:6305557019906466fc42dbc53b46da004e72fd7a551c044a827e572c82191752",
                "sha256:69361315039878c0680be456640f8705d76cb4a3a3fe1e057e0f261b74be4b31",
                "sha256:6fe49a60b25b584e2f4ef175b29d3a83ba63b3a4df1b4c0605b826668d1b6be5",
                "sha256:74a015102e877d0ccd02cdeaa18b32aa7273746914a6c5d0456dd442cb65b99c",
                "sha256:763669a367869786bb4c8fcf731f4175775a5b43f070f50f46f0b59da45375d0",
                "sha256:8b10acde4e1919d6015e1df86d4c217d3b5b01bb7744c36113ea43d529e1c3de",
                "sha256:9fe92406c857409b70a38729dbdf6578caf9228de0aef5bc44f859ffe971a39e",
                "sha256:a190f2a5dbbdbff4b74e3103cef44344bc30e61255beb27310e2aec407766052",
                "sha256:a595c12c618119255c90deb4b046e1ca3bcfad64667c43d1166f2b04bc72db09",
                "sha256:c9457fa5c121e94a58d6505cadca8bed1c64444b83b3204928a866ca2e599105",
                "sha256:cb93f6b2ab0f6853550b74e051d297c27a638719753eb9ff66d1e4072be67133",
                "sha256:ce4e4f0deb51d38b1611a27f330426154f2980e66582dc5f438aad38b5f24fc1",
                "sha256:d7bdc26475679dd073ba0ed2766445bb5b20ca4793ca0db32b399dccc6bc84b7",
                "sha256:ff032765bb8716d9387fd5376d987a937254b0619eff0972779515b5c98820bc"
            ],
            "markers": "python_version >= '2.7' and python_version not in '3.0, 3.1, 3.2, 3.3'",
            "version": "==3.1.7"
        },
        "beautifulsoup4": {
            "hashes": [
                "sha256:4c98143716ef1cb40bf7f39a8e3eec8f8b009509e74904ba3a7b315431577e35",
                "sha256:84729e322ad1d5b4d25f805bfa05b902dd96450f43842c4e99067d5e1369eb25",
                "sha256:fff47e031e34ec82bf17e00da8f592fe7de69aeea38be00523c04623c04fb666"
            ],
            "version": "==4.9.3"
        },
        "cffi": {
            "hashes": [
                "sha256:005a36f41773e148deac64b08f233873a4d0c18b053d37da83f6af4d9087b813",
                "sha256:0857f0ae312d855239a55c81ef453ee8fd24136eaba8e87a2eceba644c0d4c06",
                "sha256:1071534bbbf8cbb31b498d5d9db0f274f2f7a865adca4ae429e147ba40f73dea",
                "sha256:158d0d15119b4b7ff6b926536763dc0714313aa59e320ddf787502c70c4d4bee",
                "sha256:1f436816fc868b098b0d63b8920de7d208c90a67212546d02f84fe78a9c26396",
                "sha256:2894f2df484ff56d717bead0a5c2abb6b9d2bf26d6960c4604d5c48bbc30ee73",
                "sha256:29314480e958fd8aab22e4a58b355b629c59bf5f2ac2492b61e3dc06d8c7a315",
                "sha256:34eff4b97f3d982fb93e2831e6750127d1355a923ebaeeb565407b3d2f8d41a1",
                "sha256:35f27e6eb43380fa080dccf676dece30bef72e4a67617ffda586641cd4508d49",
                "sha256:3d3dd4c9e559eb172ecf00a2a7517e97d1e96de2a5e610bd9b68cea3925b4892",
                "sha256:43e0b9d9e2c9e5d152946b9c5fe062c151614b262fda2e7b201204de0b99e482",
                "sha256:48e1c69bbacfc3d932221851b39d49e81567a4d4aac3b21258d9c24578280058",
                "sha256:51182f8927c5af975fece87b1b369f722c570fe169f9880764b1ee3bca8347b5",
                "sha256:58e3f59d583d413809d60779492342801d6e82fefb89c86a38e040c16883be53",
                "sha256:5de7970188bb46b7bf9858eb6890aad302577a5f6f75091fd7cdd3ef13ef3045",
                "sha256:65fa59693c62cf06e45ddbb822165394a288edce9e276647f0046e1ec26920f3",
                "sha256:69e395c24fc60aad6bb4fa7e583698ea6cc684648e1ffb7fe85e3c1ca131a7d5",
                "sha256:6c97d7350133666fbb5cf4abdc1178c812cb205dc6f41d174a7b0f18fb93337e",
                "sha256:6e4714cc64f474e4d6e37cfff31a814b509a35cb17de4fb1999907575684479c",
                "sha256:72d8d3ef52c208ee1c7b2e341f7d71c6fd3157138abf1a95166e6165dd5d4369",
                "sha256:8ae6299f6c68de06f136f1f9e69458eae58f1dacf10af5c17353eae03aa0d827",
                "sha256:8b198cec6c72df5289c05b05b8b0969819783f9418e0409865dac47288d2a053",
                "sha256:99cd03ae7988a93dd00bcd9d0b75e1f6c426063d6f03d2f90b89e29b25b82dfa",
                "sha256:9cf8022fb8d07a97c178b02327b284521c7708d7c71a9c9c355c178ac4bbd3d4",
                "sha256:9de2e279153a443c656f2defd67769e6d1e4163952b3c622dcea5b08a6405322",
                "sha256:9e93e79c2551ff263400e1e4be085a1210e12073a31c2011dbbda14bda0c6132",
                "sha256:9ff227395193126d82e60319a673a037d5de84633f11279e336f9c0f189ecc62",
                "sha256:a465da611f6fa124963b91bf432d960a555563efe4ed1cc403ba5077b15370aa",
                "sha256:ad17025d226ee5beec591b52800c11680fca3df50b8b29fe51d882576e039ee0",
                "sha256:afb29c1ba2e5a3736f1c301d9d0abe3ec8b86957d04ddfa9d7a6a42b9367e396",
                "sha256:b85eb46a81787c50650f2392b9b4ef23e1f126313b9e0e9013b35c15e4288e2e",
                "sha256:bb89f306e5da99f4d922728ddcd6f7fcebb3241fc40edebcb7284d7514741991",
                "sha256:cbde590d4faaa07c72bf979734738f328d239913ba3e043b1e98fe9a39f8b2b6",
                "sha256:cd2868886d547469123fadc46eac7ea5253ea7fcb139f12e1dfc2bbd406427d1",
                "sha256:d42b11d692e11b6634f7613ad8df5d6d5f8875f5d48939520d351007b3c13406",
                "sha256:f2d45f97ab6bb54753eab54fffe75aaf3de4ff2341c9daee1987ee1837636f1d",
                "sha256:fd78e5fee591709f32ef6edb9a015b4aa1a5022598e36227500c8f4e02328d9c"
            ],
            "version": "==1.14.5"
        },
        "cryptography": {
            "hashes": [
                "sha256:0d7b69674b738068fa6ffade5c962ecd14969690585aaca0a1b1fc9058938a72",
                "sha256:1bd0ccb0a1ed775cd7e2144fe46df9dc03eefd722bbcf587b3e0616ea4a81eff",
                "sha256:3c284fc1e504e88e51c428db9c9274f2da9f73fdf5d7e13a36b8ecb039af6e6c",
                "sha256:49570438e60f19243e7e0d504527dd5fe9b4b967b5a1ff21cc12b57602dd85d3",
                "sha256:541dd758ad49b45920dda3b5b48c968f8b2533d8981bcdb43002798d8f7a89ed",
                "sha256:5a60d3780149e13b7a6ff7ad6526b38846354d11a15e21068e57073e29e19bed",
                "sha256:7951a966613c4211b6612b0352f5bf29989955ee592c4a885d8c7d0f830d0433",
                "sha256:922f9602d67c15ade470c11d616f2b2364950602e370c76f0c94c94ae672742e",
                "sha256:a0f0b96c572fc9f25c3f4ddbf4688b9b38c69836713fb255f4a2715d93cbaf44",
                "sha256:a777c096a49d80f9d2979695b835b0f9c9edab73b59e4ceb51f19724dda887ed",
                "sha256:a9a4ac9648d39ce71c2f63fe7dc6db144b9fa567ddfc48b9fde1b54483d26042",
                "sha256:aa4969f24d536ae2268c902b2c3d62ab464b5a66bcb247630d208a79a8098e9b",
                "sha256:c7390f9b2119b2b43160abb34f63277a638504ef8df99f11cb52c1fda66a2e6f",
                "sha256:e18e6ab84dfb0ab997faf8cca25a86ff15dfea4027b986322026cc99e0a892da"
            ],
            "markers": "python_version >= '2.7' and python_version not in '3.0, 3.1, 3.2, 3.3, 3.4, 3.5'",
            "version": "==3.3.2"
        },
        "decorator": {
            "hashes": [
                "sha256:c20b404cbb7ee5cebd506688e0114e3cd76f5ce233805a51f36e1a7988d9d783"
            ],
            "index": "pypi",
            "version": "==3.4.0"
        },
        "docutils": {
            "hashes": [
                "sha256:c7db717810ab6965f66c8cf0398a98c9d8df982da39b4cd7f162911eb89596fa",
                "sha256:dcebd4928112631626f4c4d0df59787c748404e66dda952110030ea883d3b8cd"
            ],
            "index": "pypi",
            "version": "==0.12"
        },
        "enum34": {
            "hashes": [
                "sha256:a98a201d6de3f2ab3db284e70a33b0f896fbf35f8086594e8c9e74b909058d53",
                "sha256:c3858660960c984d6ab0ebad691265180da2b43f07e061c0f8dca9ef3cffd328",
                "sha256:cce6a7477ed816bd2542d03d53db9f0db935dd013b70f336a95c73979289f248"
            ],
            "markers": "python_version < '3'",
            "version": "==1.1.10"
        },
        "feedparser": {
            "hashes": [
                "sha256:7f6507d400d07edfd1ea8205da36808009b0c539f5b8a6e0ab54337b955e6dc3",
                "sha256:a49ec89ebdb4234de473ad36792bf8da3a8640b8a263afda2eac510ff4908c92",
                "sha256:ad543639e89d43685e2f1d3b6e48711562eec3be379e6958a920fbeaf4c63bce"
            ],
            "index": "pypi",
            "version": "==5.1.3"
        },
        "gdata": {
            "hashes": [
                "sha256:33639ec575854c7fb51f92b981259ad22dbbc7ec54f29750c8ac72dd51431e43",
                "sha256:56e7d22de819c22b13ceb0fe1869729b4287f89ebbd4bb55380d7bcf61a1fdb6"
            ],
            "index": "pypi",
            "version": "==2.0.18"
        },
        "gevent": {
            "hashes": [
                "sha256:004cdbc6c18b4076acfa256c1794abf87bf9b97e0cfd4136f5098535c4b4132e",
                "sha256:222d56542edd2883f9972d30243808e76ad75d2f0218bc219467b170653df5d0",
                "sha256:3ae1ca0f533ddcb17aab16ce66b424b3f3b855ff3b9508526915d3c6b73fba31",
                "sha256:704a048005e6389fcb8276113bb9e7d0a3160bc382b9bcc629e398a43645de5c",
                "sha256:80ee22c28dae6dc70c7e4385f0d0292da9eebccf14b90620a32f10d71797838e",
                "sha256:aa224957cbbc028bbdfbec89625c7efa66bb8ddb845ed2fe323bd6b24e919dcf",
                "sha256:f3e8656f0b7bce355f14896d0b644c0a91e01fa12d9d65e6b09faad1d2c06e65"
            ],
            "index": "pypi",
            "version": "==1.0.2"
        },
        "greenlet": {
            "hashes": [
                "sha256:1023d7b43ca11264ab7052cb09f5635d4afdb43df55e0854498fc63070a0b206",
                "sha256:124a3ae41215f71dc91d1a3d45cbf2f84e46b543e5d60b99ecc20e24b4c8f272",
                "sha256:13037e2d7ab2145300676852fa069235512fdeba4ed1e3bb4b0677a04223c525",
                "sha256:3af587e9813f9bd8be9212722321a5e7be23b2bc37e6323a90e592ab0c2ef117",
                "sha256:41d8835c69a78de718e466dd0e6bfd4b46125f21a67c3ff6d76d8d8059868d6b",
                "sha256:4481002118b2f1588fa3d821936ffdc03db80ef21186b62b90c18db4ba5e743b",
                "sha256:47825c3a109f0331b1e54c1173d4e57fa000aa6c96756b62852bfa1af91cd652",
                "sha256:5494e3baeacc371d988345fbf8aa4bd15555b3077c40afcf1994776bb6d77eaf",
                "sha256:75e4c27188f28149b74e7685809f9227410fd15432a4438fc48627f518577fa5",
                "sha256:97f2b01ab622a4aa4b3724a3e1fba66f47f054c434fbaa551833fa2b41e3db51",
                "sha256:a34023b9eabb3525ee059f3bf33a417d2e437f7f17e341d334987d4091ae6072",
                "sha256:ac85db59aa43d78547f95fc7b6fd2913e02b9e9b09e2490dfb7bbdf47b2a4914",
                "sha256:be7a79988b8fdc5bbbeaed69e79cfb373da9759242f1565668be4fb7f3f37552",
                "sha256:bee111161420f341a346731279dd976be161b465c1286f82cc0779baf7b729e8",
                "sha256:ccd62f09f90b2730150d82f2f2ffc34d73c6ce7eac234aed04d15dc8a3023994",
                "sha256:d3436110ca66fe3981031cc6aff8cc7a40d8411d173dde73ddaa5b8445385e2d",
                "sha256:e495096e3e2e8f7192afb6aaeba19babc4fb2bdf543d7b7fed59e00c1df7f170",
                "sha256:e66a824f44892bc4ec66c58601a413419cafa9cec895e63d8da889c8a1a4fa4a"
            ],
            "index": "pypi",
            "version": "==0.4.17"
        },
        "ipaddress": {
            "hashes": [
                "sha256:6e0f4a39e66cb5bb9a137b00276a2eff74f93b71dcbdad6f10ff7df9d3557fcc",
                "sha256:b7f8e0369580bb4a24d5ba1d7cc29660a4a6987763faf1d8a8046830e020e7e2"
            ],
            "markers": "python_version < '3'",
            "version": "==1.0.23"
        },
        "jcconv": {
            "hashes": [
                "sha256:e3bd59d3fb129b952f84c66e6187abddb88cc7c2b3c83b12685a3256fd3b5e54"
            ],
            "index": "pypi",
            "version": "==0.2.3"
        },
        "jinja2": {
            "hashes": [
                "sha256:35341f3a97b46327b3ef1eb624aadea87a535b8f50863036e085e7c426ac5891",
                "sha256:3997cf273f1424207c60d5895264f74483fce72702f15a7cd51a8551d43663ca"
            ],
            "index": "pypi",
            "version": "==2.8.1"
        },
        "lxml": {
            "hashes": [
                "sha256:0448576c148c129594d890265b1a83b9cd76fd1f0a6a04620753d9a6bcfd0a4d",
                "sha256:127f76864468d6630e1b453d3ffbbd04b024c674f55cf0a30dc2595137892d37",
                "sha256:1471cee35eba321827d7d53d104e7b8c593ea3ad376aa2df89533ce8e1b24a01",
                "sha256:2363c35637d2d9d6f26f60a208819e7eafc4305ce39dc1d5005eccc4593331c2",
                "sha256:2e5cc908fe43fe1aa299e58046ad66981131a66aea3129aac7770c37f590a644",
                "sha256:2e6fd1b8acd005bd71e6c94f30c055594bbd0aa02ef51a22bbfa961ab63b2d75",
                "sha256:366cb750140f221523fa062d641393092813b81e15d0e25d9f7c6025f910ee80",
                "sha256:42ebca24ba2a21065fb546f3e6bd0c58c3fe9ac298f3a320147029a4850f51a2",
                "sha256:4e751e77006da34643ab782e4a5cc21ea7b755551db202bc4d3a423b307db780",
                "sha256:4fb85c447e288df535b17ebdebf0ec1cf3a3f1a8eba7e79169f4f37af43c6b98",
                "sha256:50c348995b47b5a4e330362cf39fc503b4a43b14a91c34c83b955e1805c8e308",
                "sha256:535332fe9d00c3cd455bd3dd7d4bacab86e2d564bdf7606079160fa6251caacf",
                "sha256:535f067002b0fd1a4e5296a8f1bf88193080ff992a195e66964ef2a6cfec5388",
                "sha256:5be4a2e212bb6aa045e37f7d48e3e1e4b6fd259882ed5a00786f82e8c37ce77d",
                "sha256:60a20bfc3bd234d54d49c388950195d23a5583d4108e1a1d47c9eef8d8c042b3",
                "sha256:648914abafe67f11be7d93c1a546068f8eff3c5fa938e1f94509e4a5d682b2d8",
                "sha256:681d75e1a38a69f1e64ab82fe4b1ed3fd758717bed735fb9aeaa124143f051af",
                "sha256:68a5d77e440df94011214b7db907ec8f19e439507a70c958f750c18d88f995d2",
                "sha256:69a63f83e88138ab7642d8f61418cf3180a4d8cd13995df87725cb8b893e950e",
                "sha256:6e4183800f16f3679076dfa8abf2db3083919d7e30764a069fb66b2b9eff9939",
                "sha256:6fd8d5903c2e53f49e99359b063df27fdf7acb89a52b6a12494208bf61345a03",
                "sha256:791394449e98243839fa822a637177dd42a95f4883ad3dec2a0ce6ac99fb0a9d",
                "sha256:7a7669ff50f41225ca5d6ee0a1ec8413f3a0d8aa2b109f86d540887b7ec0d72a",
                "sha256:7e9eac1e526386df7c70ef253b792a0a12dd86d833b1d329e038c7a235dfceb5",
                "sha256:7ee8af0b9f7de635c61cdd5b8534b76c52cd03536f29f51151b377f76e214a1a",
                "sha256:8246f30ca34dc712ab07e51dc34fea883c00b7ccb0e614651e49da2c49a30711",
                "sha256:8c88b599e226994ad4db29d93bc149aa1aff3dc3a4355dd5757569ba78632bdf",
                "sha256:923963e989ffbceaa210ac37afc9b906acebe945d2723e9679b643513837b089",
                "sha256:94d55bd03d8671686e3f012577d9caa5421a07286dd351dfef64791cf7c6c505",
                "sha256:97db258793d193c7b62d4e2586c6ed98d51086e93f9a3af2b2034af01450a74b",
                "sha256:a9d6bc8642e2c67db33f1247a77c53476f3a166e09067c0474facb045756087f",
                "sha256:cd11c7e8d21af997ee8079037fff88f16fda188a9776eb4b81c7e4c9c0a7d7fc",
                "sha256:d8d3d4713f0c28bdc6c806a278d998546e8efc3498949e3ace6e117462ac0a5e",
                "sha256:e0bfe9bb028974a481410432dbe1b182e8191d5d40382e5b8ff39cdd2e5c5931",
                "sha256:f4822c0660c3754f1a41a655e37cb4dbbc9be3d35b125a37fab6f82d47674ebc",
                "sha256:f83d281bb2a6217cd806f4cf0ddded436790e66f393e124dfe9731f6b3fb9afe",
                "sha256:fc37870d6716b137e80d19241d0e2cff7a7643b925dfa49b4c8ebd1295eb506e"
            ],
            "index": "pypi",
            "version": "==4.6.2"
        },
        "mako": {
            "hashes": [
                "sha256:45f0869febea59dab7efd256fb451c377cbb7947bef386ff0bb44627c31a8d1c"
            ],
            "index": "pypi",
            "version": "==1.0.1"
        },
        "markupsafe": {
            "hashes": [
                "sha256:a4ec1aff59b95a14b45eb2e23761a0179e98319da5a7eb76b56ea8cdc7b871c3"
            ],
            "index": "pypi",
            "version": "==0.23"
        },
        "mock": {
            "hashes": [
                "sha256:8f83080daa249d036cbccfb8ae5cc6ff007b88d6d937521371afabe7b19badbc",
                "sha256:b839dd2d9c117c701430c149956918a423a9863b48b09c90e30a6013e7d2f44f"
            ],
            "index": "pypi",
            "version": "==1.0.1"
        },
        "ofxparse": {
            "hashes": [
                "sha256:12210ec47616b13aaf34de99ff52ff51637b1cb204fb30cd1235e7457ca9e692",
                "sha256:2c0f8bed7eed5ac7b1a8168e3b848f59004db5e16fa89a5df0f3cd9ca9f6b613",
                "sha256:eb45db5802938ac0ab3664418ca564619cc9e7ec6d301c1063ffc16e587ec37e"
            ],
            "index": "pypi",
            "version": "==0.20"
        },
        "paramiko": {
            "hashes": [
                "sha256:4f3e316fef2ac628b05097a637af35685183111d4bc1b5979bd397c2ab7b5898",
                "sha256:7f36f4ba2c0d81d219f4595e35f70d56cc94f9ac40a6acdf51d6ca210ce65035"
            ],
            "version": "==2.7.2"
        },
        "passlib": {
            "hashes": [
                "sha256:e987f6000d16272f75314c7147eb015727e8532a3b747b1a8fb58e154c68392d"
            ],
            "index": "pypi",
            "version": "==1.6.2"
        },
        "pillow": {
            "hashes": [
                "sha256:b2b7f3e936c062db02c0b01df0560ddbd7d09b24ef5187c71d9de3028f686427",
                "sha256:d50c3414a9ef00bf20df6c7d1bb6522849907cb1aac5121b4ddd2a4ada9fc990"
            ],
            "index": "pypi",
            "version": "==3.3.2"
        },
        "psutil": {
            "hashes": [
                "sha256:1f93ccdf415da40f15a84ab6d9d32ddda61bb1b20079dae602356e087f408d28",
                "sha256:3636879fcbde2b0b63db08abd0e3673c2cc72bb14075e46e15f98774b0c78236",
                "sha256:4a0d8a192d1523a3f02a4028bf4ac296f7da92c935464d302618bd639c03a2c6",
                "sha256:5e4508ca6822839f25310bfc14c050e60362dc29ddea6f5eac91de2c7423a471",
                "sha256:623baf2a213adc99cbc067e1db04b9e578eb4c38d9535c903e04b6d1ded10cab",
                "sha256:6ad0e79b95f57a20f0cace08a063b0fc33fd83da1e5e501bc800bc69329a4501",
                "sha256:73013822a953fc4e3fb269256ec01b261752c590e23851e666201d1bfd32a3a9",
                "sha256:83eb1739b7c87a21a65224d77217325e582199bedd0141b29dac81b4e4144c62",
                "sha256:84299c41b251bef2a8b0812d651f4715209b3c4dfebe4a5df0f103bbdec78221",
                "sha256:9db585f37d56381c37738e03aa8beb0b501b26adc7c70660ff182e0473f2cb0a",
                "sha256:b15cc9e7cad0991bd1cb806fa90ea85ba3a95d0f1226625ecef993294ad61521",
                "sha256:bbe719046986568ed3e84ce66ed617eebc46251ea8193566b3707abdf635afe6",
                "sha256:c92d2853ac52d5aaf8c2366435fb74892f7503daf2cf56b785f1ecadbf68e712",
                "sha256:d664a896feb10ec5bf4c43f4df8b6c7fceeb94677004cc9cf8c9f35b52c0e4fc",
                "sha256:fc6d348f603ae8465992a7edbc7c62cc16f0493bdd43aa609dcb7437992cac96"
            ],
            "index": "pypi",
            "version": "==2.2.0"
        },
        "psycogreen": {
            "hashes": [
                "sha256:9acfa6cb5373bcf1eaf27c904d98d59c9f3bb0065cbb005f83ccc45055ace9a1"
            ],
            "index": "pypi",
            "version": "==1.0"
        },
        "psycopg2": {
            "hashes": [
                "sha256:02445ebbb3a11a3fe8202c413d5e6faf38bb75b4e336203ee144ca2c46529f94",
                "sha256:0e9873e60f98f0c52339abf8f0339d1e22bfe5aae0bcf7aabd40c055175035ec",
                "sha256:1148a5eb29073280bf9057c7fc45468592c1bb75a28f6df1591adb93c8cb63d0",
                "sha256:259a8324e109d4922b0fcd046e223e289830e2568d6f4132a3702439e5fd532b",
                "sha256:28dffa9ed4595429e61bacac41d3f9671bb613d1442ff43bcbec63d4f73ed5e8",
                "sha256:314a74302d4737a3865d40ea50e430ce1543c921ba10f39d562e807cfe2edf2a",
                "sha256:36b60201b6d215d7658a71493fdf6bd5e60ad9a0cffed39906627ff9f4f3afd3",
                "sha256:3f9d532bce54c4234161176ff3b8688ff337575ca441ea27597e112dfcd0ee0c",
                "sha256:5d222983847b40af989ad96c07fc3f07e47925e463baa5de716be8f805b41d9b",
                "sha256:6757a6d2fc58f7d8f5d471ad180a0bd7b4dd3c7d681f051504fbea7ae29c8d6f",
                "sha256:6a0e0f1e74edb0ab57d89680e59e7bfefad2bfbdf7c80eb38304d897d43674bb",
                "sha256:6ca703ccdf734e886a1cf53eb702261110f6a8b0ed74bcad15f1399f74d3f189",
                "sha256:8513b953d8f443c446aa79a4cc8a898bd415fc5e29349054f03a7d696d495542",
                "sha256:9262a5ce2038570cb81b4d6413720484cb1bc52c064b2f36228d735b1f98b794",
                "sha256:97441f851d862a0c844d981cbee7ee62566c322ebb3d68f86d66aa99d483985b",
                "sha256:a07feade155eb8e69b54dd6774cf6acf2d936660c61d8123b8b6b1f9247b67d6",
                "sha256:a9b9c02c91b1e3ec1f1886b2d0a90a0ea07cc529cb7e6e472b556bc20ce658f3",
                "sha256:ae88216f94728d691b945983140bf40d51a1ff6c7fe57def93949bf9339ed54a",
                "sha256:b360ffd17659491f1a6ad7c928350e229c7b7bd83a2b922b6ee541245c7a776f",
                "sha256:b4221957ceccf14b2abdabef42d806e791350be10e21b260d7c9ce49012cc19e",
                "sha256:b90758e49d5e6b152a460d10b92f8a6ccf318fcc0ee814dcf53f3a6fc5328789",
                "sha256:c669ea986190ed05fb289d0c100cc88064351f2b85177cbfd3564c4f4847d18c",
                "sha256:d1b61999d15c79cf7f4f7cc9021477aef35277fc52452cf50fd13b713c84424d",
                "sha256:de7bb043d1adaaf46e38d47e7a5f703bb3dab01376111e522b07d25e1a79c1e1",
                "sha256:e393568e288d884b94d263f2669215197840d097c7e5b0acd1a51c1ea7d1aba8",
                "sha256:ed7e0849337bd37d89f2c2b0216a0de863399ee5d363d31b1e5330a99044737b",
                "sha256:f153f71c3164665d269a5d03c7fa76ba675c7a8de9dc09a4e2c2cdc9936a7b41",
                "sha256:f1fb5a8427af099beb7f65093cbdb52e021b8e6dbdfaf020402a623f4181baf5",
                "sha256:f36b333e9f86a2fba960c72b90c34be6ca71819e300f7b1fc3d2b0f0b2c546cd",
                "sha256:f4526d078aedd5187d0508aa5f9a01eae6a48a470ed678406da94b4cd6524b7e"
            ],
            "index": "pypi",
            "version": "==2.7.7"
        },
        "pybarcode": {
            "hashes": [
                "sha256:070aaac5c50356d246d3d5c839646e63564b4017bd4fe52326d13495361bb85e"
            ],
            "index": "pypi",
            "version": "==0.8b1"
        },
        "pycountry": {
            "hashes": [
                "sha256:81084a53d3454344c0292deebc20fcd0a1488c136d4900312cbd465cf552cb42"
            ],
            "index": "pypi",
            "version": "==20.7.3"
        },
        "pycparser": {
            "hashes": [
                "sha256:2d475327684562c3a96cc71adf7dc8c4f0565175cf86b6d7a404ff4c771f15f0",
                "sha256:7582ad22678f0fcd81102833f60ef8d0e57288b6b5fb00323d101be910e35705"
            ],
            "markers": "python_version >= '2.7' and python_version not in '3.0, 3.1, 3.2, 3.3'",
            "version": "==2.20"
        },
        "pydot": {
            "hashes": [
                "sha256:469d2cf565994064236be24e87ab3571c1c1243fbc8d2ad836d16637d1a5049b"
            ],
            "index": "pypi",
            "version": "==1.1.0"
        },
        "pynacl": {
            "hashes": [
                "sha256:06cbb4d9b2c4bd3c8dc0d267416aaed79906e7b33f114ddbf0911969794b1cc4",
                "sha256:11335f09060af52c97137d4ac54285bcb7df0cef29014a1a4efe64ac065434c4",
                "sha256:2fe0fc5a2480361dcaf4e6e7cea00e078fcda07ba45f811b167e3f99e8cff574",
                "sha256:30f9b96db44e09b3304f9ea95079b1b7316b2b4f3744fe3aaecccd95d547063d",
                "sha256:4e10569f8cbed81cb7526ae137049759d2a8d57726d52c1a000a3ce366779634",
                "sha256:511d269ee845037b95c9781aa702f90ccc36036f95d0f31373a6a79bd8242e25",
                "sha256:537a7ccbea22905a0ab36ea58577b39d1fa9b1884869d173b5cf111f006f689f",
                "sha256:54e9a2c849c742006516ad56a88f5c74bf2ce92c9f67435187c3c5953b346505",
                "sha256:757250ddb3bff1eecd7e41e65f7f833a8405fede0194319f87899690624f2122",
                "sha256:7757ae33dae81c300487591c68790dfb5145c7d03324000433d9a2c141f82af7",
                "sha256:7c6092102219f59ff29788860ccb021e80fffd953920c4a8653889c029b2d420",
                "sha256:8122ba5f2a2169ca5da936b2e5a511740ffb73979381b4229d9188f6dcb22f1f",
                "sha256:9c4a7ea4fb81536c1b1f5cc44d54a296f96ae78c1ebd2311bd0b60be45a48d96",
                "sha256:c914f78da4953b33d4685e3cdc7ce63401247a21425c16a39760e282075ac4a6",
                "sha256:cd401ccbc2a249a47a3a1724c2918fcd04be1f7b54eb2a5a71ff915db0ac51c6",
                "sha256:d452a6746f0a7e11121e64625109bc4468fc3100452817001dbe018bb8b08514",
                "sha256:ea6841bc3a76fa4942ce00f3bda7d436fda21e2d91602b9e21b7ca9ecab8f3ff",
                "sha256:f8851ab9041756003119368c1e6cd0b9c631f46d686b3904b18c0139f4419f80"
            ],
            "markers": "python_version >= '2.7' and python_version not in '3.0, 3.1, 3.2, 3.3'",
            "version": "==1.4.0"
        },
        "pyparsing": {
            "hashes": [
                "sha256:06e729e1cbf5274703b1f47b6135ed8335999d547f9d8cf048b210fb8ebf844f",
                "sha256:0a7790bbc9b44a141c002d69dd59953b4c3a5edba704440df4ea4154b7942435",
                "sha256:0f9396b5a10f6cf0a7e2cedde20ca8d3af8a2a12943d9d27811aa58816ff90b8",
                "sha256:34fb77861e357f7a925f5aafa7eefd16d46416652a978b88908a3930567aa80a",
                "sha256:43d7710fdaa194a3bccf3127d06dec8e2de99a7efe6c47f01d4b748a1d04b192",
                "sha256:5b8bda8b4c4a0cc4eb97a4c7a7a1f652c1ff83eb7bfe77670715ee942e3d24e6",
                "sha256:9948c6e024eecd2030b8d67b383621a17953df8d5611fdfecd744a4058896839",
                "sha256:a9c896bab06dbf3759ad5fb63cfdb3777191e2c4ae640e6dd69ed37530f6ba56",
                "sha256:bbbb9311fff1bdc4b14fe6c775f2622e7dc2fc71cf4d5407d560f405b9e0d56d",
                "sha256:edc1858f5987802156589738035428204069a14067d819de79387b1ca64e135d"
            ],
            "index": "pypi",
            "version": "==2.0.3"
        },
        "pypdf": {
            "hashes": [
                "sha256:3aede4c3c9c6ad07c98f059f90db0b09ed383f7c791c46100f649e1cabda0e3b"
            ],
            "index": "pypi",
            "version": "==1.13"
        },
        "pyserial": {
            "hashes": [
                "sha256:3542ec0838793e61d6224e27ff05e8ce4ba5a5c5cc4ec5c6a3e8d49247985477",
                "sha256:6409e3c3aeb01fa30ddcac6834e880eec665ff088be86fdc472941e033f90b08",
                "sha256:c9417776e46bf15772601359a48fa1041612a5b7012fba1f5f331a08b9147c8d"
            ],
            "index": "pypi",
            "version": "==2.7"
        },
        "pysftp": {
            "hashes": [
                "sha256:fbf55a802e74d663673400acd92d5373c1c7ee94d765b428d9f977567ac4854a"
            ],
            "index": "pypi",
            "version": "==0.2.9"
        },
        "python-chart": {
            "hashes": [
                "sha256:da20ad10022bf02e34b0e2d5ce4f2ccb60b56301ca79fab97eb46a365f7fb926"
            ],
            "index": "pypi",
            "version": "==1.39"
        },
        "python-dateutil": {
            "hashes": [
                "sha256:439df33ce47ef1478a4f4765f3390eab0ed3ec4ae10be32f2930000c8d19f417",
                "sha256:b6f4f95d6ed922c947bf22b15f55ff29e7cf57281975ee01988450182bf6e20c"
            ],
            "index": "pypi",
            "version": "==2.4.0"
        },
        "python-ldap": {
            "hashes": [
                "sha256:824fde180a53772e23edc031c4dd64ac1af4a3eade78f00d9d510937d562f64e"
            ],
            "index": "pypi",
            "version": "==2.4.45"
        },
        "python-openid": {
            "hashes": [
                "sha256:92c51c3ecec846cbec4aeff11f9ff47303d4a63f93b0e6ac0ec02a091fed70ef",
                "sha256:c2d133e47e0a7705c9272eef00d7a09c174f5bf17a127fed8e2c6499556cc782"
            ],
            "index": "pypi",
            "version": "==2.2.5"
        },
        "python-stdnum": {
            "hashes": [
                "sha256:2e2c56c548ca166b95547a8d748f4d71320a5b4896960717c8e6380e08d993a5",
                "sha256:4248d898042a801fc4eff96fbfe4bf63a43324854efe3b5534718c1c195c6f43"
            ],
            "version": "==1.16"
        },
        "pytz": {
            "hashes": [
                "sha256:0c932af5f787a93c8cbe935b6607aabb925cc628d6b257518133444b4151a600",
                "sha256:2bb021e6b1b229cdb348b37ed4d0643c1115ac439d682fca174a78588b58a042",
                "sha256:387f968fde793b142865802916561839f5591d8b4b14c941125eb0fca7e4e58d",
                "sha256:4c7d52da410875e977605c194c93fb29a2d921f99234b50133c662a7d4268fd6",
                "sha256:5438d749e923c914741fe2a410b528abe27053000fbf878bc437428d08ae0ab1",
                "sha256:7b467217b9f4b4b3578ea80c187d4a64584137eb39a4fd09d3a939bb25a24731",
                "sha256:84b70e81c1fccdd5438ab82380882e2ed11aac48ed65d4482fad1f7990ba4352",
                "sha256:9ae48d398eb491f8bb1111e5353f9a9f6d811e38c2a69d59ba38f97b54d90b4c",
                "sha256:9aeac3f98865c8296dc5137131d447e2feff0d2cad0258488f5766fda1374d0f",
                "sha256:a659ea369f4be21a31b48aeb67ec62f76270cc53f408f3578883bff41a021966",
                "sha256:a94138b638907491f473c875e8c95203a6a02efef52b6562be302e435016f4f3",
                "sha256:fe233d88db9501b9f87685a656e080422a04ddfb11f002275f82986d717049f8"
            ],
            "index": "pypi",
            "version": "==2014.10"
        },
        "pyusb": {
            "hashes": [
                "sha256:4e9b72cc4a4205ca64fbf1f3fff39a335512166c151ad103e55c8223ac147362"
            ],
            "index": "pypi",
            "version": "==1.0.2"
        },
        "pyyaml": {
            "hashes": [
                "sha256:19bb3ac350ef878dda84a62d37c7d5c17a137386dde9c2ce7249c7a21d7f6ac9",
                "sha256:2abbe0b237b42e075e5a59f90766c0a18cc29aea3baa7a152cc16f62fa556daa",
                "sha256:2db3d4c54d3eb47ad7169806e684d5243d4a14749cb9741ef5d1ac3291d67a1a",
                "sha256:3e8c104861b5839a36e6b30c2f964d6fbf4a2e2b87ae9c289da699b21e35c91b",
                "sha256:7a02d22209e41ba55bd8a65fa69ee593af30a857f6e33fc9c80589e6b477c36b",
                "sha256:ad55a89cc264b74be59df9fdcea1dffd14f435d955eae2ac822a28563be2fe48",
                "sha256:b54b4782da60c7dfe5d850524416dd03f3b9a516ed476ce1d5a2712cde75d683",
                "sha256:c36c938a872e5ff494938b33b14aaa156cb439ec67548fcab3535bb78b0846e8",
                "sha256:c81b0cccf6b6bfc0432c1a96c07b64b76472118ec789bc4891447cc5298bd1c7",
                "sha256:ca129663271174f9783e1177195e4288945a504db89f5c3889da75e0abbd0a67",
                "sha256:d44be6e77802ea845911e000e29d781ba2900a0fe3b38fc0f5b74f5f77d2e4f0",
                "sha256:d9b72815d3cdc5e1c3f1f44498a5e884fe4dcdb3f6428fa086e35af8160d2809",
                "sha256:e25c2074189eb72056778c88344f47e5e7378afd52da62014bb3e86efce947c1",
                "sha256:e3bc2528c3a0f396908b5f8784795f3f7b62e8b2573c2db736addccfb22449e4"
            ],
            "index": "pypi",
            "version": "==3.11"
        },
        "qrcode": {
            "hashes": [
                "sha256:4115ccee832620df16b659d4653568331015c718a754855caf5930805d76924e",
                "sha256:60222a612b83231ed99e6cb36e55311227c395d0d0f62e41bb51ebbb84a9a22b"
            ],
            "index": "pypi",
            "version": "==5.3"
        },
        "reportlab": {
            "hashes": [
                "sha256:3ca2715397e8c05fdbc6099edbbd69f5524116a807966ce8390b3fd2edc98102",
                "sha256:8563015fa16f986511f20e46194667fd4d7d45bb9c65ac6e549e5052577f98ee",
                "sha256:89827f8e64f30ca83701ec84d36791af13a1a0ad39c2e3ad848e2914bd4ed816",
                "sha256:b157c3a7b6e59eb35ee357cad8a7116244470999f872e5ffed0d591537b25594",
                "sha256:e16b6112bc31eabd74c9671924db9eadb2639abce1fad4ffd5b5169872fe8487",
                "sha256:e4b6140eaed23714258afdfbe8dd3229d146aa79458aa0a9d59f916a7e88fe06",
                "sha256:f6c22e4afefd1aed0e85f1c1216eee5e74d2eb77d53963feab0172b321b636d5"
            ],
            "index": "pypi",
            "version": "==3.1.44"
        },
        "requests": {
            "hashes": [
                "sha256:1cdbed1f0e236f35ef54e919982c7a338e4fea3786310933d3a7887a04b74d75",
                "sha256:fdb9af60d47ca57a80df0a213336019a34ff6192d8fff361c349f2c8398fe460"
            ],
            "index": "pypi",
            "version": "==2.6.0"
        },
        "six": {
            "hashes": [
                "sha256:418a93c397a7edab23e5588dbc067ac74a723edb3d541bd4936f79476e7645da",
                "sha256:e24052411fc4fbd1f672635537c3fc2330d9481b18c0317695b46259512c91d5"
            ],
            "index": "pypi",
            "version": "==1.9.0"
        },
        "soupsieve": {
            "hashes": [
                "sha256:7985bacc98c34923a439967c1a602dc4f1e15f923b6fcf02344184f86cc7efaa",
                "sha256:feb1e937fa26a69e08436aad4a9037cd7e1d4c7212909502ba30701247ff8abd"
            ],
            "markers": "python_version < '3'",
            "version": "==1.9.6"
        },
        "suds-jurko": {
            "hashes": [
                "sha256:1cb7252cb13018fc32887c3a834ed7c6648a5b5c4c159be5806da2e1785399e8",
                "sha256:29edb72fd21e3044093d86f33c66cf847c5aaab26d64cb90e69e528ef014e57f"
            ],
            "index": "pypi",
            "version": "==0.6"
        },
        "unidecode": {
            "hashes": [
                "sha256:ed4418b4b1b190487753f1cca6299e8076079258647284414e6d607d1f8a00e0",
                "sha256:eedac7bfd886f43484787206f6a141b232e2b2a58652c54d06499b187fd84660"
            ],
            "index": "pypi",
            "version": "==0.4.20"
        },
        "vatnumber": {
            "hashes": [
                "sha256:4e9e9cabcff6076d8deb8a347edfd5d0ab8cab1ed344fdbe5dd4a6110a2f2c7b"
            ],
            "index": "pypi",
            "version": "==1.2"
        },
        "vobject": {
            "hashes": [
                "sha256:0bccb2ae4a7b77fff349c600d9d883042aaf5987c8d899e4c30ef8e27c7a8586",
                "sha256:99c02897946257bd036acbbf37888cf5e7ecb832f98d68cbf9c6e8b4a591bd86"
            ],
            "index": "pypi",
            "version": "==0.6.6"
        },
        "werkzeug": {
            "hashes": [
                "sha256:7f11e7e2e73eb22677cac1b11113eb6106f66cedef13d140e83cf6563c90b79c"
            ],
            "index": "pypi",
            "version": "==0.9.6"
        },
        "wsgiref": {
            "hashes": [
                "sha256:5e41d89a25465ec65f0f8caf09a2225cf71cfa78b208418177fc2a9420eb51f2",
                "sha256:a8fb9fc452e52b175bb2e0f03f6a640d5efbec2ee23d23464590b1b86d324d4b",
                "sha256:c7e610c800957046c04c8014aab8cce8f0b9f0495c8cd349e57c1f7cabf40e79"
            ],
            "index": "pypi",
            "version": "==0.1.2"
        },
        "xlwt": {
            "hashes": [
                "sha256:9478bd70b86590b9ac2697967c8a10a4917d900636349ca73eeb362a3227423c"
            ],
            "index": "pypi",
            "version": "==0.7.5"
        }
    },
    "develop": {}
}
